
Microsoft Visual Studio Solution File, Format Version 12.00
# Visual Studio 15
VisualStudioVersion = 15.0.28307.572
MinimumVisualStudioVersion = 10.0.40219.1
Project("{FAE04EC0-301F-11D3-BF4B-00C04F79EFBC}") = "GroupManagement.Web", "GroupManagement.Web\GroupManagement.Web.csproj", "{08AA9FD5-B060-4508-AB7A-3FEBC33DBBDB}"
EndProject
Global
	GlobalSection(SolutionConfigurationPlatforms) = preSolution
		Debug|Any CPU = Debug|Any CPU
		Release|Any CPU = Release|Any CPU
	EndGlobalSection
	GlobalSection(ProjectConfigurationPlatforms) = postSolution
		{08AA9FD5-B060-4508-AB7A-3FEBC33DBBDB}.Debug|Any CPU.ActiveCfg = Debug|Any CPU
		{08AA9FD5-B060-4508-AB7A-3FEBC33DBBDB}.Debug|Any CPU.Build.0 = Debug|Any CPU
		{08AA9FD5-B060-4508-AB7A-3FEBC33DBBDB}.Release|Any CPU.ActiveCfg = Release|Any CPU
		{08AA9FD5-B060-4508-AB7A-3FEBC33DBBDB}.Release|Any CPU.Build.0 = Release|Any CPU
	EndGlobalSection
	GlobalSection(SolutionProperties) = preSolution
		HideSolutionNode = FALSE
	EndGlobalSection
	GlobalSection(ExtensibilityGlobals) = postSolution
		SolutionGuid = {8ED84E70-14FB-47CA-A926-CE2565708B12}
	EndGlobalSection
EndGlobal
